<?xml version="1.0" encoding="utf-8"?>
<Project ToolsVersion="16.0" xmlns="http://schemas.microsoft.com/developer/msbuild/2003">
  <ItemGroup>
    <ClCompile Include="C:\Users\rewin\OneDrive\Documents\GitHub\SpaceSandbox\render\src\render.cpp">
      <Filter>Source Files</Filter>
    </ClCompile>
  </ItemGroup>
  <ItemGroup>
    <ClInclude Include="C:\Users\rewin\OneDrive\Documents\GitHub\SpaceSandbox\render\include\render.h">
      <Filter>Header Files</Filter>
    </ClInclude>
  </ItemGroup>
  <ItemGroup>
    <CustomBuild Include="C:\Users\rewin\OneDrive\Documents\GitHub\SpaceSandbox\render\CMakeLists.txt" />
  </ItemGroup>
  <ItemGroup>
    <Filter Include="Header Files">
      <UniqueIdentifier>{99A6C478-527C-39FE-AF7E-7B9D78E648CB}</UniqueIdentifier>
    </Filter>
    <Filter Include="Source Files">
      <UniqueIdentifier>{81B72B60-2A0E-3703-B08D-D564FFDD2AF7}</UniqueIdentifier>
    </Filter>
  </ItemGroup>
</Project>
