Microsoft Visual Studio Solution File, Format Version 12.00
# Visual Studio 16
Project("{8BC9CEB8-8B4A-11D0-8D11-00A0C91BC942}") = "ALL_BUILD", "ALL_BUILD.vcxproj", "{756C7CE8-2D2A-364C-BEBF-840C632D8EBA}"
	ProjectSection(ProjectDependencies) = postProject
		{4DF139C7-5315-3905-A365-57690A32A5D3} = {4DF139C7-5315-3905-A365-57690A32A5D3}
		{E95AB699-5681-3C8B-864A-FA1DFB515D73} = {E95AB699-5681-3C8B-864A-FA1DFB515D73}
	EndProjectSection
EndProject
Project("{8BC9CEB8-8B4A-11D0-8D11-00A0C91BC942}") = "ZERO_CHECK", "ZERO_CHECK.vcxproj", "{4DF139C7-5315-3905-A365-57690A32A5D3}"
	ProjectSection(ProjectDependencies) = postProject
	EndProjectSection
EndProject
Project("{8BC9CEB8-8B4A-11D0-8D11-00A0C91BC942}") = "render", "render.vcxproj", "{E95AB699-5681-3C8B-864A-FA1DFB515D73}"
	ProjectSection(ProjectDependencies) = postProject
		{4DF139C7-5315-3905-A365-57690A32A5D3} = {4DF139C7-5315-3905-A365-57690A32A5D3}
	EndProjectSection
EndProject
Global
	GlobalSection(SolutionConfigurationPlatforms) = preSolution
		Debug|x64 = Debug|x64
		Release|x64 = Release|x64
		MinSizeRel|x64 = MinSizeRel|x64
		RelWithDebInfo|x64 = RelWithDebInfo|x64
	EndGlobalSection
	GlobalSection(ProjectConfigurationPlatforms) = postSolution
		{756C7CE8-2D2A-364C-BEBF-840C632D8EBA}.Debug|x64.ActiveCfg = Debug|x64
		{756C7CE8-2D2A-364C-BEBF-840C632D8EBA}.Release|x64.ActiveCfg = Release|x64
		{756C7CE8-2D2A-364C-BEBF-840C632D8EBA}.MinSizeRel|x64.ActiveCfg = MinSizeRel|x64
		{756C7CE8-2D2A-364C-BEBF-840C632D8EBA}.RelWithDebInfo|x64.ActiveCfg = RelWithDebInfo|x64
		{4DF139C7-5315-3905-A365-57690A32A5D3}.Debug|x64.ActiveCfg = Debug|x64
		{4DF139C7-5315-3905-A365-57690A32A5D3}.Debug|x64.Build.0 = Debug|x64
		{4DF139C7-5315-3905-A365-57690A32A5D3}.Release|x64.ActiveCfg = Release|x64
		{4DF139C7-5315-3905-A365-57690A32A5D3}.Release|x64.Build.0 = Release|x64
		{4DF139C7-5315-3905-A365-57690A32A5D3}.MinSizeRel|x64.ActiveCfg = MinSizeRel|x64
		{4DF139C7-5315-3905-A365-57690A32A5D3}.MinSizeRel|x64.Build.0 = MinSizeRel|x64
		{4DF139C7-5315-3905-A365-57690A32A5D3}.RelWithDebInfo|x64.ActiveCfg = RelWithDebInfo|x64
		{4DF139C7-5315-3905-A365-57690A32A5D3}.RelWithDebInfo|x64.Build.0 = RelWithDebInfo|x64
		{E95AB699-5681-3C8B-864A-FA1DFB515D73}.Debug|x64.ActiveCfg = Debug|x64
		{E95AB699-5681-3C8B-864A-FA1DFB515D73}.Debug|x64.Build.0 = Debug|x64
		{E95AB699-5681-3C8B-864A-FA1DFB515D73}.Release|x64.ActiveCfg = Release|x64
		{E95AB699-5681-3C8B-864A-FA1DFB515D73}.Release|x64.Build.0 = Release|x64
		{E95AB699-5681-3C8B-864A-FA1DFB515D73}.MinSizeRel|x64.ActiveCfg = MinSizeRel|x64
		{E95AB699-5681-3C8B-864A-FA1DFB515D73}.MinSizeRel|x64.Build.0 = MinSizeRel|x64
		{E95AB699-5681-3C8B-864A-FA1DFB515D73}.RelWithDebInfo|x64.ActiveCfg = RelWithDebInfo|x64
		{E95AB699-5681-3C8B-864A-FA1DFB515D73}.RelWithDebInfo|x64.Build.0 = RelWithDebInfo|x64
	EndGlobalSection
	GlobalSection(ExtensibilityGlobals) = postSolution
		SolutionGuid = {E37FC5EF-1EDF-3464-AAF0-15304E4B15EA}
	EndGlobalSection
	GlobalSection(ExtensibilityAddIns) = postSolution
	EndGlobalSection
EndGlobal
